
Microsoft Visual Studio Solution File, Format Version 12.00
# Visual Studio 14
VisualStudioVersion = 14.0.25123.0
MinimumVisualStudioVersion = 10.0.40219.1
Project("{FAE04EC0-301F-11D3-BF4B-00C04F79EFBC}") = "ZhiHuRobot", "ZhiHuRobot\ZhiHuRobot.csproj", "{86FC81B9-875C-4157-B585-44B524A55257}"
EndProject
Project("{FAE04EC0-301F-11D3-BF4B-00C04F79EFBC}") = "ZhiHuConsole", "ZhiHuConsole\ZhiHuConsole.csproj", "{EEF9C4F0-DF20-46A2-9940-F8625B9E4B75}"
EndProject
Global
	GlobalSection(SolutionConfigurationPlatforms) = preSolution
		Debug|Any CPU = Debug|Any CPU
		Release|Any CPU = Release|Any CPU
	EndGlobalSection
	GlobalSection(ProjectConfigurationPlatforms) = postSolution
		{86FC81B9-875C-4157-B585-44B524A55257}.Debug|Any CPU.ActiveCfg = Debug|Any CPU
		{86FC81B9-875C-4157-B585-44B524A55257}.Debug|Any CPU.Build.0 = Debug|Any CPU
		{86FC81B9-875C-4157-B585-44B524A55257}.Release|Any CPU.ActiveCfg = Release|Any CPU
		{86FC81B9-875C-4157-B585-44B524A55257}.Release|Any CPU.Build.0 = Release|Any CPU
		{EEF9C4F0-DF20-46A2-9940-F8625B9E4B75}.Debug|Any CPU.ActiveCfg = Debug|Any CPU
		{EEF9C4F0-DF20-46A2-9940-F8625B9E4B75}.Debug|Any CPU.Build.0 = Debug|Any CPU
		{EEF9C4F0-DF20-46A2-9940-F8625B9E4B75}.Release|Any CPU.ActiveCfg = Release|Any CPU
		{EEF9C4F0-DF20-46A2-9940-F8625B9E4B75}.Release|Any CPU.Build.0 = Release|Any CPU
	EndGlobalSection
	GlobalSection(SolutionProperties) = preSolution
		HideSolutionNode = FALSE
	EndGlobalSection
EndGlobal
